
Microsoft Visual Studio Solution File, Format Version 12.00
# Visual Studio Version 17
VisualStudioVersion = 17.13.35825.156 d17.13
MinimumVisualStudioVersion = 10.0.40219.1
Project("{FAE04EC0-301F-11D3-BF4B-00C04F79EFBC}") = "DataStructAnAlgorithms", "DataStructAnAlgorithms\DataStructAnAlgorithms.csproj", "{D18F6CF8-8047-4CA7-A752-8B4A1337573D}"
EndProject
Project("{FAE04EC0-301F-11D3-BF4B-00C04F79EFBC}") = "3LArchitecture", "3LArchitecture\3LArchitecture.csproj", "{160AED61-0720-4145-9845-8FDD4F0D3A89}"
EndProject
Project("{FAE04EC0-301F-11D3-BF4B-00C04F79EFBC}") = "3LArchitectureAPI", "3LArchitectureAPI\3LArchitectureAPI.csproj", "{BDD8D433-6035-4EC3-9B95-FC54127A025A}"
EndProject
Project("{FAE04EC0-301F-11D3-BF4B-00C04F79EFBC}") = "3LArchitectureInterface", "3LArchitectureInterface\3LArchitectureInterface.csproj", "{0D8C5884-AF3B-46DE-A142-62A151D65584}"
EndProject
Global
	GlobalSection(SolutionConfigurationPlatforms) = preSolution
		Debug|Any CPU = Debug|Any CPU
		Release|Any CPU = Release|Any CPU
	EndGlobalSection
	GlobalSection(ProjectConfigurationPlatforms) = postSolution
		{D18F6CF8-8047-4CA7-A752-8B4A1337573D}.Debug|Any CPU.ActiveCfg = Debug|Any CPU
		{D18F6CF8-8047-4CA7-A752-8B4A1337573D}.Debug|Any CPU.Build.0 = Debug|Any CPU
		{D18F6CF8-8047-4CA7-A752-8B4A1337573D}.Release|Any CPU.ActiveCfg = Release|Any CPU
		{D18F6CF8-8047-4CA7-A752-8B4A1337573D}.Release|Any CPU.Build.0 = Release|Any CPU
		{160AED61-0720-4145-9845-8FDD4F0D3A89}.Debug|Any CPU.ActiveCfg = Debug|Any CPU
		{160AED61-0720-4145-9845-8FDD4F0D3A89}.Debug|Any CPU.Build.0 = Debug|Any CPU
		{160AED61-0720-4145-9845-8FDD4F0D3A89}.Release|Any CPU.ActiveCfg = Release|Any CPU
		{160AED61-0720-4145-9845-8FDD4F0D3A89}.Release|Any CPU.Build.0 = Release|Any CPU
		{BDD8D433-6035-4EC3-9B95-FC54127A025A}.Debug|Any CPU.ActiveCfg = Debug|Any CPU
		{BDD8D433-6035-4EC3-9B95-FC54127A025A}.Debug|Any CPU.Build.0 = Debug|Any CPU
		{BDD8D433-6035-4EC3-9B95-FC54127A025A}.Release|Any CPU.ActiveCfg = Release|Any CPU
		{BDD8D433-6035-4EC3-9B95-FC54127A025A}.Release|Any CPU.Build.0 = Release|Any CPU
		{0D8C5884-AF3B-46DE-A142-62A151D65584}.Debug|Any CPU.ActiveCfg = Debug|Any CPU
		{0D8C5884-AF3B-46DE-A142-62A151D65584}.Debug|Any CPU.Build.0 = Debug|Any CPU
		{0D8C5884-AF3B-46DE-A142-62A151D65584}.Release|Any CPU.ActiveCfg = Release|Any CPU
		{0D8C5884-AF3B-46DE-A142-62A151D65584}.Release|Any CPU.Build.0 = Release|Any CPU
	EndGlobalSection
	GlobalSection(SolutionProperties) = preSolution
		HideSolutionNode = FALSE
	EndGlobalSection
	GlobalSection(ExtensibilityGlobals) = postSolution
		SolutionGuid = {3414EE01-64AB-48DF-A5D8-4AED6287BDA6}
	EndGlobalSection
EndGlobal
